
Microsoft Visual Studio Solution File, Format Version 12.00
# Visual Studio Version 16
VisualStudioVersion = 16.0.32228.343
MinimumVisualStudioVersion = 10.0.40219.1
Project("{FAE04EC0-301F-11D3-BF4B-00C04F79EFBC}") = "AppFreteFinal", "AppFreteFinal\AppFreteFinal.csproj", "{B87FFEE9-CFDE-48C4-B7B2-DFBE5D721BF8}"
EndProject
Project("{FAE04EC0-301F-11D3-BF4B-00C04F79EFBC}") = "AppFreteTestFinal", "AppFreteTestFinal\AppFreteTestFinal.csproj", "{5EDA5034-BBCA-4361-914D-541F7AF5D212}"
EndProject
Global
	GlobalSection(SolutionConfigurationPlatforms) = preSolution
		Debug|Any CPU = Debug|Any CPU
		Release|Any CPU = Release|Any CPU
	EndGlobalSection
	GlobalSection(ProjectConfigurationPlatforms) = postSolution
		{B87FFEE9-CFDE-48C4-B7B2-DFBE5D721BF8}.Debug|Any CPU.ActiveCfg = Debug|Any CPU
		{B87FFEE9-CFDE-48C4-B7B2-DFBE5D721BF8}.Debug|Any CPU.Build.0 = Debug|Any CPU
		{B87FFEE9-CFDE-48C4-B7B2-DFBE5D721BF8}.Release|Any CPU.ActiveCfg = Release|Any CPU
		{B87FFEE9-CFDE-48C4-B7B2-DFBE5D721BF8}.Release|Any CPU.Build.0 = Release|Any CPU
		{5EDA5034-BBCA-4361-914D-541F7AF5D212}.Debug|Any CPU.ActiveCfg = Debug|Any CPU
		{5EDA5034-BBCA-4361-914D-541F7AF5D212}.Debug|Any CPU.Build.0 = Debug|Any CPU
		{5EDA5034-BBCA-4361-914D-541F7AF5D212}.Release|Any CPU.ActiveCfg = Release|Any CPU
		{5EDA5034-BBCA-4361-914D-541F7AF5D212}.Release|Any CPU.Build.0 = Release|Any CPU
	EndGlobalSection
	GlobalSection(SolutionProperties) = preSolution
		HideSolutionNode = FALSE
	EndGlobalSection
	GlobalSection(ExtensibilityGlobals) = postSolution
		SolutionGuid = {C5633D12-C58B-41CE-BA4A-94DA7E33C4A5}
	EndGlobalSection
EndGlobal
